# THIS IS AN AUTOGENERATED FILE. DO NOT EDIT THIS FILE DIRECTLY.
# yarn lockfile v1


node-bin-setup@^1.0.0:
  version "1.1.3"
  resolved "https://registry.yarnpkg.com/node-bin-setup/-/node-bin-setup-1.1.3.tgz#d45d5220e3b2ecc3a94263a56116f727f6c1bb14"
  integrity sha512-opgw9iSCAzT2+6wJOETCpeRYAQxSopqQ2z+N6BXwIMsQQ7Zj5M8MaafQY8JMlolRR6R1UXg2WmhKp0p9lSOivg==

node@18.12.0:
  version "18.12.0"
  resolved "https://registry.yarnpkg.com/node/-/node-18.12.0.tgz#7535eccb084b182324dbf1180bcc0647b16f7ef7"
  integrity sha512-WRLSphoK1RqmbEUvTHvLllJIur5IIeW7oIHt1SC6FMd0V6W+70izPU2/Re6cKqRCQwDnJUpD90gUyJbDXF+xlQ==
  dependencies:
    node-bin-setup "^1.0.0"
